
Microsoft Visual Studio Solution File, Format Version 12.00
# Visual Studio 14
VisualStudioVersion = 14.0.25123.0
MinimumVisualStudioVersion = 10.0.40219.1
Project("{FAE04EC0-301F-11D3-BF4B-00C04F79EFBC}") = "TaskViewGestureToolkit", "TaskViewGestureToolkit\TaskViewGestureToolkit.csproj", "{309C6C32-4FB6-4CAB-A297-0A5668ECBB27}"
EndProject
Project("{FAE04EC0-301F-11D3-BF4B-00C04F79EFBC}") = "SynapticsGesturePlugin", "SynapticsGesturePlugin\SynapticsGesturePlugin.csproj", "{1E0B956C-9059-49AE-AAEB-FCC4161FD50A}"
EndProject
Project("{FAE04EC0-301F-11D3-BF4B-00C04F79EFBC}") = "SynapticsTester", "SynapticsTester\SynapticsTester.csproj", "{6BF793F5-4112-4A94-889C-DBF560BBA10C}"
EndProject
Project("{FAE04EC0-301F-11D3-BF4B-00C04F79EFBC}") = "PluginBaseLib", "PluginBaseLib\PluginBaseLib.csproj", "{2094FDE0-20E3-48D7-8D62-2D7E7C2F38FD}"
EndProject
Project("{FAE04EC0-301F-11D3-BF4B-00C04F79EFBC}") = "WacomGesturePlugin", "WacomGesturePlugin\WacomGesturePlugin.csproj", "{80111FFE-B4BF-44D3-8DCD-550C5E7A50FD}"
EndProject
Project("{FAE04EC0-301F-11D3-BF4B-00C04F79EFBC}") = "WacomTester", "WacomTester\WacomTester.csproj", "{9BE2B62A-662A-47BB-B501-82EB487499A6}"
EndProject
Project("{FAE04EC0-301F-11D3-BF4B-00C04F79EFBC}") = "VirtualDesktop", "VirtualDesktop\source\VirtualDesktop\VirtualDesktop.csproj", "{AB848ECD-76AA-41C0-B63D-86A8591B25AA}"
EndProject
Project("{FAE04EC0-301F-11D3-BF4B-00C04F79EFBC}") = "MouseGesturePlugin", "MouseGesturePlugin\MouseGesturePlugin.csproj", "{1B2C73EF-D0D5-494E-B619-4D57B6FB9F46}"
EndProject
Global
	GlobalSection(SolutionConfigurationPlatforms) = preSolution
		Debug|Any CPU = Debug|Any CPU
		Debug|x64 = Debug|x64
		Debug|x86 = Debug|x86
		Release|Any CPU = Release|Any CPU
		Release|x64 = Release|x64
		Release|x86 = Release|x86
	EndGlobalSection
	GlobalSection(ProjectConfigurationPlatforms) = postSolution
		{309C6C32-4FB6-4CAB-A297-0A5668ECBB27}.Debug|Any CPU.ActiveCfg = Debug|Any CPU
		{309C6C32-4FB6-4CAB-A297-0A5668ECBB27}.Debug|Any CPU.Build.0 = Debug|Any CPU
		{309C6C32-4FB6-4CAB-A297-0A5668ECBB27}.Debug|x64.ActiveCfg = Debug|Any CPU
		{309C6C32-4FB6-4CAB-A297-0A5668ECBB27}.Debug|x64.Build.0 = Debug|Any CPU
		{309C6C32-4FB6-4CAB-A297-0A5668ECBB27}.Debug|x86.ActiveCfg = Debug|Any CPU
		{309C6C32-4FB6-4CAB-A297-0A5668ECBB27}.Debug|x86.Build.0 = Debug|Any CPU
		{309C6C32-4FB6-4CAB-A297-0A5668ECBB27}.Release|Any CPU.ActiveCfg = Release|Any CPU
		{309C6C32-4FB6-4CAB-A297-0A5668ECBB27}.Release|Any CPU.Build.0 = Release|Any CPU
		{309C6C32-4FB6-4CAB-A297-0A5668ECBB27}.Release|x64.ActiveCfg = Release|Any CPU
		{309C6C32-4FB6-4CAB-A297-0A5668ECBB27}.Release|x64.Build.0 = Release|Any CPU
		{309C6C32-4FB6-4CAB-A297-0A5668ECBB27}.Release|x86.ActiveCfg = Release|Any CPU
		{309C6C32-4FB6-4CAB-A297-0A5668ECBB27}.Release|x86.Build.0 = Release|Any CPU
		{1E0B956C-9059-49AE-AAEB-FCC4161FD50A}.Debug|Any CPU.ActiveCfg = Debug|Any CPU
		{1E0B956C-9059-49AE-AAEB-FCC4161FD50A}.Debug|x64.ActiveCfg = Debug|Any CPU
		{1E0B956C-9059-49AE-AAEB-FCC4161FD50A}.Debug|x64.Build.0 = Debug|Any CPU
		{1E0B956C-9059-49AE-AAEB-FCC4161FD50A}.Debug|x86.ActiveCfg = Debug|Any CPU
		{1E0B956C-9059-49AE-AAEB-FCC4161FD50A}.Debug|x86.Build.0 = Debug|Any CPU
		{1E0B956C-9059-49AE-AAEB-FCC4161FD50A}.Release|Any CPU.ActiveCfg = Release|Any CPU
		{1E0B956C-9059-49AE-AAEB-FCC4161FD50A}.Release|Any CPU.Build.0 = Release|Any CPU
		{1E0B956C-9059-49AE-AAEB-FCC4161FD50A}.Release|x64.ActiveCfg = Release|Any CPU
		{1E0B956C-9059-49AE-AAEB-FCC4161FD50A}.Release|x64.Build.0 = Release|Any CPU
		{1E0B956C-9059-49AE-AAEB-FCC4161FD50A}.Release|x86.ActiveCfg = Release|Any CPU
		{1E0B956C-9059-49AE-AAEB-FCC4161FD50A}.Release|x86.Build.0 = Release|Any CPU
		{6BF793F5-4112-4A94-889C-DBF560BBA10C}.Debug|Any CPU.ActiveCfg = Debug|Any CPU
		{6BF793F5-4112-4A94-889C-DBF560BBA10C}.Debug|x64.ActiveCfg = Debug|Any CPU
		{6BF793F5-4112-4A94-889C-DBF560BBA10C}.Debug|x64.Build.0 = Debug|Any CPU
		{6BF793F5-4112-4A94-889C-DBF560BBA10C}.Debug|x86.ActiveCfg = Debug|Any CPU
		{6BF793F5-4112-4A94-889C-DBF560BBA10C}.Debug|x86.Build.0 = Debug|Any CPU
		{6BF793F5-4112-4A94-889C-DBF560BBA10C}.Release|Any CPU.ActiveCfg = Release|Any CPU
		{6BF793F5-4112-4A94-889C-DBF560BBA10C}.Release|Any CPU.Build.0 = Release|Any CPU
		{6BF793F5-4112-4A94-889C-DBF560BBA10C}.Release|x64.ActiveCfg = Release|Any CPU
		{6BF793F5-4112-4A94-889C-DBF560BBA10C}.Release|x64.Build.0 = Release|Any CPU
		{6BF793F5-4112-4A94-889C-DBF560BBA10C}.Release|x86.ActiveCfg = Release|Any CPU
		{6BF793F5-4112-4A94-889C-DBF560BBA10C}.Release|x86.Build.0 = Release|Any CPU
		{2094FDE0-20E3-48D7-8D62-2D7E7C2F38FD}.Debug|Any CPU.ActiveCfg = Debug|Any CPU
		{2094FDE0-20E3-48D7-8D62-2D7E7C2F38FD}.Debug|Any CPU.Build.0 = Debug|Any CPU
		{2094FDE0-20E3-48D7-8D62-2D7E7C2F38FD}.Debug|x64.ActiveCfg = Debug|Any CPU
		{2094FDE0-20E3-48D7-8D62-2D7E7C2F38FD}.Debug|x64.Build.0 = Debug|Any CPU
		{2094FDE0-20E3-48D7-8D62-2D7E7C2F38FD}.Debug|x86.ActiveCfg = Debug|Any CPU
		{2094FDE0-20E3-48D7-8D62-2D7E7C2F38FD}.Debug|x86.Build.0 = Debug|Any CPU
		{2094FDE0-20E3-48D7-8D62-2D7E7C2F38FD}.Release|Any CPU.ActiveCfg = Release|Any CPU
		{2094FDE0-20E3-48D7-8D62-2D7E7C2F38FD}.Release|Any CPU.Build.0 = Release|Any CPU
		{2094FDE0-20E3-48D7-8D62-2D7E7C2F38FD}.Release|x64.ActiveCfg = Release|Any CPU
		{2094FDE0-20E3-48D7-8D62-2D7E7C2F38FD}.Release|x64.Build.0 = Release|Any CPU
		{2094FDE0-20E3-48D7-8D62-2D7E7C2F38FD}.Release|x86.ActiveCfg = Release|Any CPU
		{2094FDE0-20E3-48D7-8D62-2D7E7C2F38FD}.Release|x86.Build.0 = Release|Any CPU
		{80111FFE-B4BF-44D3-8DCD-550C5E7A50FD}.Debug|Any CPU.ActiveCfg = Debug|Any CPU
		{80111FFE-B4BF-44D3-8DCD-550C5E7A50FD}.Debug|Any CPU.Build.0 = Debug|Any CPU
		{80111FFE-B4BF-44D3-8DCD-550C5E7A50FD}.Debug|x64.ActiveCfg = Debug|Any CPU
		{80111FFE-B4BF-44D3-8DCD-550C5E7A50FD}.Debug|x64.Build.0 = Debug|Any CPU
		{80111FFE-B4BF-44D3-8DCD-550C5E7A50FD}.Debug|x86.ActiveCfg = Debug|Any CPU
		{80111FFE-B4BF-44D3-8DCD-550C5E7A50FD}.Debug|x86.Build.0 = Debug|Any CPU
		{80111FFE-B4BF-44D3-8DCD-550C5E7A50FD}.Release|Any CPU.ActiveCfg = Release|Any CPU
		{80111FFE-B4BF-44D3-8DCD-550C5E7A50FD}.Release|Any CPU.Build.0 = Release|Any CPU
		{80111FFE-B4BF-44D3-8DCD-550C5E7A50FD}.Release|x64.ActiveCfg = Release|Any CPU
		{80111FFE-B4BF-44D3-8DCD-550C5E7A50FD}.Release|x64.Build.0 = Release|Any CPU
		{80111FFE-B4BF-44D3-8DCD-550C5E7A50FD}.Release|x86.ActiveCfg = Release|Any CPU
		{80111FFE-B4BF-44D3-8DCD-550C5E7A50FD}.Release|x86.Build.0 = Release|Any CPU
		{9BE2B62A-662A-47BB-B501-82EB487499A6}.Debug|Any CPU.ActiveCfg = Debug|Any CPU
		{9BE2B62A-662A-47BB-B501-82EB487499A6}.Debug|Any CPU.Build.0 = Debug|Any CPU
		{9BE2B62A-662A-47BB-B501-82EB487499A6}.Debug|x64.ActiveCfg = Debug|Any CPU
		{9BE2B62A-662A-47BB-B501-82EB487499A6}.Debug|x64.Build.0 = Debug|Any CPU
		{9BE2B62A-662A-47BB-B501-82EB487499A6}.Debug|x86.ActiveCfg = Debug|Any CPU
		{9BE2B62A-662A-47BB-B501-82EB487499A6}.Debug|x86.Build.0 = Debug|Any CPU
		{9BE2B62A-662A-47BB-B501-82EB487499A6}.Release|Any CPU.ActiveCfg = Release|Any CPU
		{9BE2B62A-662A-47BB-B501-82EB487499A6}.Release|Any CPU.Build.0 = Release|Any CPU
		{9BE2B62A-662A-47BB-B501-82EB487499A6}.Release|x64.ActiveCfg = Release|Any CPU
		{9BE2B62A-662A-47BB-B501-82EB487499A6}.Release|x64.Build.0 = Release|Any CPU
		{9BE2B62A-662A-47BB-B501-82EB487499A6}.Release|x86.ActiveCfg = Release|Any CPU
		{9BE2B62A-662A-47BB-B501-82EB487499A6}.Release|x86.Build.0 = Release|Any CPU
		{AB848ECD-76AA-41C0-B63D-86A8591B25AA}.Debug|Any CPU.ActiveCfg = Debug|Any CPU
		{AB848ECD-76AA-41C0-B63D-86A8591B25AA}.Debug|Any CPU.Build.0 = Debug|Any CPU
		{AB848ECD-76AA-41C0-B63D-86A8591B25AA}.Debug|x64.ActiveCfg = Debug|x64
		{AB848ECD-76AA-41C0-B63D-86A8591B25AA}.Debug|x64.Build.0 = Debug|x64
		{AB848ECD-76AA-41C0-B63D-86A8591B25AA}.Debug|x86.ActiveCfg = Debug|x86
		{AB848ECD-76AA-41C0-B63D-86A8591B25AA}.Debug|x86.Build.0 = Debug|x86
		{AB848ECD-76AA-41C0-B63D-86A8591B25AA}.Release|Any CPU.ActiveCfg = Release|Any CPU
		{AB848ECD-76AA-41C0-B63D-86A8591B25AA}.Release|Any CPU.Build.0 = Release|Any CPU
		{AB848ECD-76AA-41C0-B63D-86A8591B25AA}.Release|x64.ActiveCfg = Release|x64
		{AB848ECD-76AA-41C0-B63D-86A8591B25AA}.Release|x64.Build.0 = Release|x64
		{AB848ECD-76AA-41C0-B63D-86A8591B25AA}.Release|x86.ActiveCfg = Release|x86
		{AB848ECD-76AA-41C0-B63D-86A8591B25AA}.Release|x86.Build.0 = Release|x86
		{1B2C73EF-D0D5-494E-B619-4D57B6FB9F46}.Debug|Any CPU.ActiveCfg = Debug|Any CPU
		{1B2C73EF-D0D5-494E-B619-4D57B6FB9F46}.Debug|Any CPU.Build.0 = Debug|Any CPU
		{1B2C73EF-D0D5-494E-B619-4D57B6FB9F46}.Debug|x64.ActiveCfg = Debug|Any CPU
		{1B2C73EF-D0D5-494E-B619-4D57B6FB9F46}.Debug|x64.Build.0 = Debug|Any CPU
		{1B2C73EF-D0D5-494E-B619-4D57B6FB9F46}.Debug|x86.ActiveCfg = Debug|Any CPU
		{1B2C73EF-D0D5-494E-B619-4D57B6FB9F46}.Debug|x86.Build.0 = Debug|Any CPU
		{1B2C73EF-D0D5-494E-B619-4D57B6FB9F46}.Release|Any CPU.ActiveCfg = Release|Any CPU
		{1B2C73EF-D0D5-494E-B619-4D57B6FB9F46}.Release|Any CPU.Build.0 = Release|Any CPU
		{1B2C73EF-D0D5-494E-B619-4D57B6FB9F46}.Release|x64.ActiveCfg = Release|Any CPU
		{1B2C73EF-D0D5-494E-B619-4D57B6FB9F46}.Release|x64.Build.0 = Release|Any CPU
		{1B2C73EF-D0D5-494E-B619-4D57B6FB9F46}.Release|x86.ActiveCfg = Release|Any CPU
		{1B2C73EF-D0D5-494E-B619-4D57B6FB9F46}.Release|x86.Build.0 = Release|Any CPU
	EndGlobalSection
	GlobalSection(SolutionProperties) = preSolution
		HideSolutionNode = FALSE
	EndGlobalSection
EndGlobal
