
Microsoft Visual Studio Solution File, Format Version 12.00
# Visual Studio 14
VisualStudioVersion = 14.0.25123.0
MinimumVisualStudioVersion = 10.0.40219.1
Project("{FAE04EC0-301F-11D3-BF4B-00C04F79EFBC}") = "TaskViewGestureToolkit", "TaskViewGestureToolkit\TaskViewGestureToolkit.csproj", "{309C6C32-4FB6-4CAB-A297-0A5668ECBB27}"
EndProject
Project("{FAE04EC0-301F-11D3-BF4B-00C04F79EFBC}") = "SynapticsGesturePlugin", "SynapticsGesturePlugin\SynapticsGesturePlugin.csproj", "{1E0B956C-9059-49AE-AAEB-FCC4161FD50A}"
EndProject
Project("{FAE04EC0-301F-11D3-BF4B-00C04F79EFBC}") = "SynapticsTester", "SynapticsTester\SynapticsTester.csproj", "{6BF793F5-4112-4A94-889C-DBF560BBA10C}"
EndProject
Project("{FAE04EC0-301F-11D3-BF4B-00C04F79EFBC}") = "PluginBaseLib", "PluginBaseLib\PluginBaseLib.csproj", "{2094FDE0-20E3-48D7-8D62-2D7E7C2F38FD}"
EndProject
Global
	GlobalSection(SolutionConfigurationPlatforms) = preSolution
		Debug|Any CPU = Debug|Any CPU
		Release|Any CPU = Release|Any CPU
	EndGlobalSection
	GlobalSection(ProjectConfigurationPlatforms) = postSolution
		{309C6C32-4FB6-4CAB-A297-0A5668ECBB27}.Debug|Any CPU.ActiveCfg = Debug|Any CPU
		{309C6C32-4FB6-4CAB-A297-0A5668ECBB27}.Debug|Any CPU.Build.0 = Debug|Any CPU
		{309C6C32-4FB6-4CAB-A297-0A5668ECBB27}.Release|Any CPU.ActiveCfg = Release|Any CPU
		{309C6C32-4FB6-4CAB-A297-0A5668ECBB27}.Release|Any CPU.Build.0 = Release|Any CPU
		{1E0B956C-9059-49AE-AAEB-FCC4161FD50A}.Debug|Any CPU.ActiveCfg = Debug|Any CPU
		{1E0B956C-9059-49AE-AAEB-FCC4161FD50A}.Debug|Any CPU.Build.0 = Debug|Any CPU
		{1E0B956C-9059-49AE-AAEB-FCC4161FD50A}.Release|Any CPU.ActiveCfg = Release|Any CPU
		{1E0B956C-9059-49AE-AAEB-FCC4161FD50A}.Release|Any CPU.Build.0 = Release|Any CPU
		{6BF793F5-4112-4A94-889C-DBF560BBA10C}.Debug|Any CPU.ActiveCfg = Debug|Any CPU
		{6BF793F5-4112-4A94-889C-DBF560BBA10C}.Debug|Any CPU.Build.0 = Debug|Any CPU
		{6BF793F5-4112-4A94-889C-DBF560BBA10C}.Release|Any CPU.ActiveCfg = Release|Any CPU
		{6BF793F5-4112-4A94-889C-DBF560BBA10C}.Release|Any CPU.Build.0 = Release|Any CPU
		{2094FDE0-20E3-48D7-8D62-2D7E7C2F38FD}.Debug|Any CPU.ActiveCfg = Debug|Any CPU
		{2094FDE0-20E3-48D7-8D62-2D7E7C2F38FD}.Debug|Any CPU.Build.0 = Debug|Any CPU
		{2094FDE0-20E3-48D7-8D62-2D7E7C2F38FD}.Release|Any CPU.ActiveCfg = Release|Any CPU
		{2094FDE0-20E3-48D7-8D62-2D7E7C2F38FD}.Release|Any CPU.Build.0 = Release|Any CPU
	EndGlobalSection
	GlobalSection(SolutionProperties) = preSolution
		HideSolutionNode = FALSE
	EndGlobalSection
EndGlobal
